
Microsoft Visual Studio Solution File, Format Version 12.00
# Visual Studio Version 17
VisualStudioVersion = 17.0.32126.317
MinimumVisualStudioVersion = 10.0.40219.1
Project("{FAE04EC0-301F-11D3-BF4B-00C04F79EFBC}") = "SistemaCantinaPro", "SistemaCantinaPro\SistemaCantinaPro.csproj", "{0AECAD6B-841C-43B7-AC17-3A00BB3182E2}"
EndProject
Global
	GlobalSection(SolutionConfigurationPlatforms) = preSolution
		Debug|Any CPU = Debug|Any CPU
		Release|Any CPU = Release|Any CPU
	EndGlobalSection
	GlobalSection(ProjectConfigurationPlatforms) = postSolution
		{0AECAD6B-841C-43B7-AC17-3A00BB3182E2}.Debug|Any CPU.ActiveCfg = Debug|Any CPU
		{0AECAD6B-841C-43B7-AC17-3A00BB3182E2}.Debug|Any CPU.Build.0 = Debug|Any CPU
		{0AECAD6B-841C-43B7-AC17-3A00BB3182E2}.Release|Any CPU.ActiveCfg = Release|Any CPU
		{0AECAD6B-841C-43B7-AC17-3A00BB3182E2}.Release|Any CPU.Build.0 = Release|Any CPU
	EndGlobalSection
	GlobalSection(SolutionProperties) = preSolution
		HideSolutionNode = FALSE
	EndGlobalSection
	GlobalSection(ExtensibilityGlobals) = postSolution
		SolutionGuid = {CE625E1D-2F94-4633-BB5D-C658742DB98A}
	EndGlobalSection
EndGlobal
